
Microsoft Visual Studio Solution File, Format Version 12.00
# Visual Studio 15
VisualStudioVersion = 15.0.26430.16
MinimumVisualStudioVersion = 10.0.40219.1
Project("{FAE04EC0-301F-11D3-BF4B-00C04F79EFBC}") = "AkureTraining.Web", "AkureTraining.Web\AkureTraining.Web.csproj", "{06663537-A447-487B-B346-01B12D172BC1}"
EndProject
Project("{FAE04EC0-301F-11D3-BF4B-00C04F79EFBC}") = "AkureTraining.Core", "AkureTraining.Core\AkureTraining.Core.csproj", "{C4D4D5C9-88F7-4FB5-B9B2-2BC014FB3774}"
EndProject
Global
	GlobalSection(SolutionConfigurationPlatforms) = preSolution
		Debug|Any CPU = Debug|Any CPU
		MOCK|Any CPU = MOCK|Any CPU
		Release|Any CPU = Release|Any CPU
	EndGlobalSection
	GlobalSection(ProjectConfigurationPlatforms) = postSolution
		{06663537-A447-487B-B346-01B12D172BC1}.Debug|Any CPU.ActiveCfg = Debug|Any CPU
		{06663537-A447-487B-B346-01B12D172BC1}.Debug|Any CPU.Build.0 = Debug|Any CPU
		{06663537-A447-487B-B346-01B12D172BC1}.MOCK|Any CPU.ActiveCfg = MOCK|Any CPU
		{06663537-A447-487B-B346-01B12D172BC1}.MOCK|Any CPU.Build.0 = MOCK|Any CPU
		{06663537-A447-487B-B346-01B12D172BC1}.Release|Any CPU.ActiveCfg = Release|Any CPU
		{06663537-A447-487B-B346-01B12D172BC1}.Release|Any CPU.Build.0 = Release|Any CPU
		{C4D4D5C9-88F7-4FB5-B9B2-2BC014FB3774}.Debug|Any CPU.ActiveCfg = Debug|Any CPU
		{C4D4D5C9-88F7-4FB5-B9B2-2BC014FB3774}.Debug|Any CPU.Build.0 = Debug|Any CPU
		{C4D4D5C9-88F7-4FB5-B9B2-2BC014FB3774}.MOCK|Any CPU.ActiveCfg = Release|Any CPU
		{C4D4D5C9-88F7-4FB5-B9B2-2BC014FB3774}.MOCK|Any CPU.Build.0 = Release|Any CPU
		{C4D4D5C9-88F7-4FB5-B9B2-2BC014FB3774}.Release|Any CPU.ActiveCfg = Release|Any CPU
		{C4D4D5C9-88F7-4FB5-B9B2-2BC014FB3774}.Release|Any CPU.Build.0 = Release|Any CPU
	EndGlobalSection
	GlobalSection(SolutionProperties) = preSolution
		HideSolutionNode = FALSE
	EndGlobalSection
EndGlobal
